// !$*UTF8*$!
{
	archiveVersion = 1;
	classes = {
	};
	objectVersion = 46;
	objects = {

/* Begin PBXBuildFile section */
		4CAEDB7A18FB1D4400F4E40C /* Foundation.framework in Frameworks */ = {isa = PBXBuildFile; fileRef = 4CAEDB7918FB1D4400F4E40C /* Foundation.framework */; };
		4CAEDB7C18FB1D4400F4E40C /* CoreGraphics.framework in Frameworks */ = {isa = PBXBuildFile; fileRef = 4CAEDB7B18FB1D4400F4E40C /* CoreGraphics.framework */; };
		4CAEDB7E18FB1D4400F4E40C /* UIKit.framework in Frameworks */ = {isa = PBXBuildFile; fileRef = 4CAEDB7D18FB1D4400F4E40C /* UIKit.framework */; };
		4CAEDB8418FB1D4400F4E40C /* InfoPlist.strings in Resources */ = {isa = PBXBuildFile; fileRef = 4CAEDB8218FB1D4400F4E40C /* InfoPlist.strings */; };
		4CAEDB8618FB1D4400F4E40C /* main.m in Sources */ = {isa = PBXBuildFile; fileRef = 4CAEDB8518FB1D4400F4E40C /* main.m */; };
		4CAEDB8A18FB1D4400F4E40C /* RTAppDelegate.m in Sources */ = {isa = PBXBuildFile; fileRef = 4CAEDB8918FB1D4400F4E40C /* RTAppDelegate.m */; };
		4CAEDB8C18FB1D4400F4E40C /* Images.xcassets in Resources */ = {isa = PBXBuildFile; fileRef = 4CAEDB8B18FB1D4400F4E40C /* Images.xcassets */; };
		4CAEDB9318FB1D4400F4E40C /* XCTest.framework in Frameworks */ = {isa = PBXBuildFile; fileRef = 4CAEDB9218FB1D4400F4E40C /* XCTest.framework */; };
		4CAEDB9418FB1D4400F4E40C /* Foundation.framework in Frameworks */ = {isa = PBXBuildFile; fileRef = 4CAEDB7918FB1D4400F4E40C /* Foundation.framework */; };
		4CAEDB9518FB1D4400F4E40C /* UIKit.framework in Frameworks */ = {isa = PBXBuildFile; fileRef = 4CAEDB7D18FB1D4400F4E40C /* UIKit.framework */; };
		4CAEDB9D18FB1D4400F4E40C /* InfoPlist.strings in Resources */ = {isa = PBXBuildFile; fileRef = 4CAEDB9B18FB1D4400F4E40C /* InfoPlist.strings */; };
		4CAEDB9F18FB1D4400F4E40C /* UITabBarNavigationTests.m in Sources */ = {isa = PBXBuildFile; fileRef = 4CAEDB9E18FB1D4400F4E40C /* UITabBarNavigationTests.m */; };
		4CAEDBAE18FB1D9200F4E40C /* RTContactsViewController.m in Sources */ = {isa = PBXBuildFile; fileRef = 4CAEDBAC18FB1D9200F4E40C /* RTContactsViewController.m */; };
		4CAEDBAF18FB1D9200F4E40C /* RTContactsViewController.xib in Resources */ = {isa = PBXBuildFile; fileRef = 4CAEDBAD18FB1D9200F4E40C /* RTContactsViewController.xib */; };
/* End PBXBuildFile section */

/* Begin PBXContainerItemProxy section */
		4CAEDB9618FB1D4400F4E40C /* PBXContainerItemProxy */ = {
			isa = PBXContainerItemProxy;
			containerPortal = 4CAEDB6E18FB1D4400F4E40C /* Project object */;
			proxyType = 1;
			remoteGlobalIDString = 4CAEDB7518FB1D4400F4E40C;
			remoteInfo = UITabBarNavigation;
		};
/* End PBXContainerItemProxy section */

/* Begin PBXFileReference section */
		4CAEDB7618FB1D4400F4E40C /* UITabBarNavigation.app */ = {isa = PBXFileReference; explicitFileType = wrapper.application; includeInIndex = 0; path = UITabBarNavigation.app; sourceTree = BUILT_PRODUCTS_DIR; };
		4CAEDB7918FB1D4400F4E40C /* Foundation.framework */ = {isa = PBXFileReference; lastKnownFileType = wrapper.framework; name = Foundation.framework; path = System/Library/Frameworks/Foundation.framework; sourceTree = SDKROOT; };
		4CAEDB7B18FB1D4400F4E40C /* CoreGraphics.framework */ = {isa = PBXFileReference; lastKnownFileType = wrapper.framework; name = CoreGraphics.framework; path = System/Library/Frameworks/CoreGraphics.framework; sourceTree = SDKROOT; };
		4CAEDB7D18FB1D4400F4E40C /* UIKit.framework */ = {isa = PBXFileReference; lastKnownFileType = wrapper.framework; name = UIKit.framework; path = System/Library/Frameworks/UIKit.framework; sourceTree = SDKROOT; };
		4CAEDB8118FB1D4400F4E40C /* UITabBarNavigation-Info.plist */ = {isa = PBXFileReference; lastKnownFileType = text.plist.xml; path = "UITabBarNavigation-Info.plist"; sourceTree = "<group>"; };
		4CAEDB8318FB1D4400F4E40C /* en */ = {isa = PBXFileReference; lastKnownFileType = text.plist.strings; name = en; path = en.lproj/InfoPlist.strings; sourceTree = "<group>"; };
		4CAEDB8518FB1D4400F4E40C /* main.m */ = {isa = PBXFileReference; lastKnownFileType = sourcecode.c.objc; path = main.m; sourceTree = "<group>"; };
		4CAEDB8718FB1D4400F4E40C /* UITabBarNavigation-Prefix.pch */ = {isa = PBXFileReference; lastKnownFileType = sourcecode.c.h; path = "UITabBarNavigation-Prefix.pch"; sourceTree = "<group>"; };
		4CAEDB8818FB1D4400F4E40C /* RTAppDelegate.h */ = {isa = PBXFileReference; lastKnownFileType = sourcecode.c.h; path = RTAppDelegate.h; sourceTree = "<group>"; };
		4CAEDB8918FB1D4400F4E40C /* RTAppDelegate.m */ = {isa = PBXFileReference; lastKnownFileType = sourcecode.c.objc; path = RTAppDelegate.m; sourceTree = "<group>"; };
		4CAEDB8B18FB1D4400F4E40C /* Images.xcassets */ = {isa = PBXFileReference; lastKnownFileType = folder.assetcatalog; path = Images.xcassets; sourceTree = "<group>"; };
		4CAEDB9118FB1D4400F4E40C /* UITabBarNavigationTests.xctest */ = {isa = PBXFileReference; explicitFileType = wrapper.cfbundle; includeInIndex = 0; path = UITabBarNavigationTests.xctest; sourceTree = BUILT_PRODUCTS_DIR; };
		4CAEDB9218FB1D4400F4E40C /* XCTest.framework */ = {isa = PBXFileReference; lastKnownFileType = wrapper.framework; name = XCTest.framework; path = Library/Frameworks/XCTest.framework; sourceTree = DEVELOPER_DIR; };
		4CAEDB9A18FB1D4400F4E40C /* UITabBarNavigationTests-Info.plist */ = {isa = PBXFileReference; lastKnownFileType = text.plist.xml; path = "UITabBarNavigationTests-Info.plist"; sourceTree = "<group>"; };
		4CAEDB9C18FB1D4400F4E40C /* en */ = {isa = PBXFileReference; lastKnownFileType = text.plist.strings; name = en; path = en.lproj/InfoPlist.strings; sourceTree = "<group>"; };
		4CAEDB9E18FB1D4400F4E40C /* UITabBarNavigationTests.m */ = {isa = PBXFileReference; lastKnownFileType = sourcecode.c.objc; path = UITabBarNavigationTests.m; sourceTree = "<group>"; };
		4CAEDBAB18FB1D9200F4E40C /* RTContactsViewController.h */ = {isa = PBXFileReference; fileEncoding = 4; lastKnownFileType = sourcecode.c.h; path = RTContactsViewController.h; sourceTree = "<group>"; };
		4CAEDBAC18FB1D9200F4E40C /* RTContactsViewController.m */ = {isa = PBXFileReference; fileEncoding = 4; lastKnownFileType = sourcecode.c.objc; path = RTContactsViewController.m; sourceTree = "<group>"; };
		4CAEDBAD18FB1D9200F4E40C /* RTContactsViewController.xib */ = {isa = PBXFileReference; fileEncoding = 4; lastKnownFileType = file.xib; path = RTContactsViewController.xib; sourceTree = "<group>"; };
/* End PBXFileReference section */

/* Begin PBXFrameworksBuildPhase section */
		4CAEDB7318FB1D4400F4E40C /* Frameworks */ = {
			isa = PBXFrameworksBuildPhase;
			buildActionMask = 2147483647;
			files = (
				4CAEDB7C18FB1D4400F4E40C /* CoreGraphics.framework in Frameworks */,
				4CAEDB7E18FB1D4400F4E40C /* UIKit.framework in Frameworks */,
				4CAEDB7A18FB1D4400F4E40C /* Foundation.framework in Frameworks */,
			);
			runOnlyForDeploymentPostprocessing = 0;
		};
		4CAEDB8E18FB1D4400F4E40C /* Frameworks */ = {
			isa = PBXFrameworksBuildPhase;
			buildActionMask = 2147483647;
			files = (
				4CAEDB9318FB1D4400F4E40C /* XCTest.framework in Frameworks */,
				4CAEDB9518FB1D4400F4E40C /* UIKit.framework in Frameworks */,
				4CAEDB9418FB1D4400F4E40C /* Foundation.framework in Frameworks */,
			);
			runOnlyForDeploymentPostprocessing = 0;
		};
/* End PBXFrameworksBuildPhase section */

/* Begin PBXGroup section */
		4CAEDB6D18FB1D4400F4E40C = {
			isa = PBXGroup;
			children = (
				4CAEDB7F18FB1D4400F4E40C /* UITabBarNavigation */,
				4CAEDB9818FB1D4400F4E40C /* UITabBarNavigationTests */,
				4CAEDB7818FB1D4400F4E40C /* Frameworks */,
				4CAEDB7718FB1D4400F4E40C /* Products */,
			);
			sourceTree = "<group>";
		};
		4CAEDB7718FB1D4400F4E40C /* Products */ = {
			isa = PBXGroup;
			children = (
				4CAEDB7618FB1D4400F4E40C /* UITabBarNavigation.app */,
				4CAEDB9118FB1D4400F4E40C /* UITabBarNavigationTests.xctest */,
			);
			name = Products;
			sourceTree = "<group>";
		};
		4CAEDB7818FB1D4400F4E40C /* Frameworks */ = {
			isa = PBXGroup;
			children = (
				4CAEDB7918FB1D4400F4E40C /* Foundation.framework */,
				4CAEDB7B18FB1D4400F4E40C /* CoreGraphics.framework */,
				4CAEDB7D18FB1D4400F4E40C /* UIKit.framework */,
				4CAEDB9218FB1D4400F4E40C /* XCTest.framework */,
			);
			name = Frameworks;
			sourceTree = "<group>";
		};
		4CAEDB7F18FB1D4400F4E40C /* UITabBarNavigation */ = {
			isa = PBXGroup;
			children = (
				4CAEDB8818FB1D4400F4E40C /* RTAppDelegate.h */,
				4CAEDB8918FB1D4400F4E40C /* RTAppDelegate.m */,
				4CAEDB8B18FB1D4400F4E40C /* Images.xcassets */,
				4CAEDB8018FB1D4400F4E40C /* Supporting Files */,
				4CAEDBAB18FB1D9200F4E40C /* RTContactsViewController.h */,
				4CAEDBAC18FB1D9200F4E40C /* RTContactsViewController.m */,
				4CAEDBAD18FB1D9200F4E40C /* RTContactsViewController.xib */,
			);
			path = UITabBarNavigation;
			sourceTree = "<group>";
		};
		4CAEDB8018FB1D4400F4E40C /* Supporting Files */ = {
			isa = PBXGroup;
			children = (
				4CAEDB8118FB1D4400F4E40C /* UITabBarNavigation-Info.plist */,
				4CAEDB8218FB1D4400F4E40C /* InfoPlist.strings */,
				4CAEDB8518FB1D4400F4E40C /* main.m */,
				4CAEDB8718FB1D4400F4E40C /* UITabBarNavigation-Prefix.pch */,
			);
			name = "Supporting Files";
			sourceTree = "<group>";
		};
		4CAEDB9818FB1D4400F4E40C /* UITabBarNavigationTests */ = {
			isa = PBXGroup;
			children = (
				4CAEDB9E18FB1D4400F4E40C /* UITabBarNavigationTests.m */,
				4CAEDB9918FB1D4400F4E40C /* Supporting Files */,
			);
			path = UITabBarNavigationTests;
			sourceTree = "<group>";
		};
		4CAEDB9918FB1D4400F4E40C /* Supporting Files */ = {
			isa = PBXGroup;
			children = (
				4CAEDB9A18FB1D4400F4E40C /* UITabBarNavigationTests-Info.plist */,
				4CAEDB9B18FB1D4400F4E40C /* InfoPlist.strings */,
			);
			name = "Supporting Files";
			sourceTree = "<group>";
		};
/* End PBXGroup section */

/* Begin PBXNativeTarget section */
		4CAEDB7518FB1D4400F4E40C /* UITabBarNavigation */ = {
			isa = PBXNativeTarget;
			buildConfigurationList = 4CAEDBA218FB1D4400F4E40C /* Build configuration list for PBXNativeTarget "UITabBarNavigation" */;
			buildPhases = (
				4CAEDB7218FB1D4400F4E40C /* Sources */,
				4CAEDB7318FB1D4400F4E40C /* Frameworks */,
				4CAEDB7418FB1D4400F4E40C /* Resources */,
			);
			buildRules = (
			);
			dependencies = (
			);
			name = UITabBarNavigation;
			productName = UITabBarNavigation;
			productReference = 4CAEDB7618FB1D4400F4E40C /* UITabBarNavigation.app */;
			productType = "com.apple.product-type.application";
		};
		4CAEDB9018FB1D4400F4E40C /* UITabBarNavigationTests */ = {
			isa = PBXNativeTarget;
			buildConfigurationList = 4CAEDBA518FB1D4400F4E40C /* Build configuration list for PBXNativeTarget "UITabBarNavigationTests" */;
			buildPhases = (
				4CAEDB8D18FB1D4400F4E40C /* Sources */,
				4CAEDB8E18FB1D4400F4E40C /* Frameworks */,
				4CAEDB8F18FB1D4400F4E40C /* Resources */,
			);
			buildRules = (
			);
			dependencies = (
				4CAEDB9718FB1D4400F4E40C /* PBXTargetDependency */,
			);
			name = UITabBarNavigationTests;
			productName = UITabBarNavigationTests;
			productReference = 4CAEDB9118FB1D4400F4E40C /* UITabBarNavigationTests.xctest */;
			productType = "com.apple.product-type.bundle.unit-test";
		};
/* End PBXNativeTarget section */

/* Begin PBXProject section */
		4CAEDB6E18FB1D4400F4E40C /* Project object */ = {
			isa = PBXProject;
			attributes = {
				CLASSPREFIX = RT;
				LastUpgradeCheck = 0510;
				ORGANIZATIONNAME = "Svett Ralchev";
				TargetAttributes = {
					4CAEDB9018FB1D4400F4E40C = {
						TestTargetID = 4CAEDB7518FB1D4400F4E40C;
					};
				};
			};
			buildConfigurationList = 4CAEDB7118FB1D4400F4E40C /* Build configuration list for PBXProject "UITabBarNavigation" */;
			compatibilityVersion = "Xcode 3.2";
			developmentRegion = English;
			hasScannedForEncodings = 0;
			knownRegions = (
				en,
			);
			mainGroup = 4CAEDB6D18FB1D4400F4E40C;
			productRefGroup = 4CAEDB7718FB1D4400F4E40C /* Products */;
			projectDirPath = "";
			projectRoot = "";
			targets = (
				4CAEDB7518FB1D4400F4E40C /* UITabBarNavigation */,
				4CAEDB9018FB1D4400F4E40C /* UITabBarNavigationTests */,
			);
		};
/* End PBXProject section */

/* Begin PBXResourcesBuildPhase section */
		4CAEDB7418FB1D4400F4E40C /* Resources */ = {
			isa = PBXResourcesBuildPhase;
			buildActionMask = 2147483647;
			files = (
				4CAEDB8418FB1D4400F4E40C /* InfoPlist.strings in Resources */,
				4CAEDBAF18FB1D9200F4E40C /* RTContactsViewController.xib in Resources */,
				4CAEDB8C18FB1D4400F4E40C /* Images.xcassets in Resources */,
			);
			runOnlyForDeploymentPostprocessing = 0;
		};
		4CAEDB8F18FB1D4400F4E40C /* Resources */ = {
			isa = PBXResourcesBuildPhase;
			buildActionMask = 2147483647;
			files = (
				4CAEDB9D18FB1D4400F4E40C /* InfoPlist.strings in Resources */,
			);
			runOnlyForDeploymentPostprocessing = 0;
		};
/* End PBXResourcesBuildPhase section */

/* Begin PBXSourcesBuildPhase section */
		4CAEDB7218FB1D4400F4E40C /* Sources */ = {
			isa = PBXSourcesBuildPhase;
			buildActionMask = 2147483647;
			files = (
				4CAEDB8A18FB1D4400F4E40C /* RTAppDelegate.m in Sources */,
				4CAEDBAE18FB1D9200F4E40C /* RTContactsViewController.m in Sources */,
				4CAEDB8618FB1D4400F4E40C /* main.m in Sources */,
			);
			runOnlyForDeploymentPostprocessing = 0;
		};
		4CAEDB8D18FB1D4400F4E40C /* Sources */ = {
			isa = PBXSourcesBuildPhase;
			buildActionMask = 2147483647;
			files = (
				4CAEDB9F18FB1D4400F4E40C /* UITabBarNavigationTests.m in Sources */,
			);
			runOnlyForDeploymentPostprocessing = 0;
		};
/* End PBXSourcesBuildPhase section */

/* Begin PBXTargetDependency section */
		4CAEDB9718FB1D4400F4E40C /* PBXTargetDependency */ = {
			isa = PBXTargetDependency;
			target = 4CAEDB7518FB1D4400F4E40C /* UITabBarNavigation */;
			targetProxy = 4CAEDB9618FB1D4400F4E40C /* PBXContainerItemProxy */;
		};
/* End PBXTargetDependency section */

/* Begin PBXVariantGroup section */
		4CAEDB8218FB1D4400F4E40C /* InfoPlist.strings */ = {
			isa = PBXVariantGroup;
			children = (
				4CAEDB8318FB1D4400F4E40C /* en */,
			);
			name = InfoPlist.strings;
			sourceTree = "<group>";
		};
		4CAEDB9B18FB1D4400F4E40C /* InfoPlist.strings */ = {
			isa = PBXVariantGroup;
			children = (
				4CAEDB9C18FB1D4400F4E40C /* en */,
			);
			name = InfoPlist.strings;
			sourceTree = "<group>";
		};
/* End PBXVariantGroup section */

/* Begin XCBuildConfiguration section */
		4CAEDBA018FB1D4400F4E40C /* Debug */ = {
			isa = XCBuildConfiguration;
			buildSettings = {
				ALWAYS_SEARCH_USER_PATHS = NO;
				CLANG_CXX_LANGUAGE_STANDARD = "gnu++0x";
				CLANG_CXX_LIBRARY = "libc++";
				CLANG_ENABLE_MODULES = YES;
				CLANG_ENABLE_OBJC_ARC = YES;
				CLANG_WARN_BOOL_CONVERSION = YES;
				CLANG_WARN_CONSTANT_CONVERSION = YES;
				CLANG_WARN_DIRECT_OBJC_ISA_USAGE = YES_ERROR;
				CLANG_WARN_EMPTY_BODY = YES;
				CLANG_WARN_ENUM_CONVERSION = YES;
				CLANG_WARN_INT_CONVERSION = YES;
				CLANG_WARN_OBJC_ROOT_CLASS = YES_ERROR;
				CLANG_WARN__DUPLICATE_METHOD_MATCH = YES;
				"CODE_SIGN_IDENTITY[sdk=iphoneos*]" = "iPhone Developer";
				COPY_PHASE_STRIP = NO;
				GCC_C_LANGUAGE_STANDARD = gnu99;
				GCC_DYNAMIC_NO_PIC = NO;
				GCC_OPTIMIZATION_LEVEL = 0;
				GCC_PREPROCESSOR_DEFINITIONS = (
					"DEBUG=1",
					"$(inherited)",
				);
				GCC_SYMBOLS_PRIVATE_EXTERN = NO;
				GCC_WARN_64_TO_32_BIT_CONVERSION = YES;
				GCC_WARN_ABOUT_RETURN_TYPE = YES_ERROR;
				GCC_WARN_UNDECLARED_SELECTOR = YES;
				GCC_WARN_UNINITIALIZED_AUTOS = YES_AGGRESSIVE;
				GCC_WARN_UNUSED_FUNCTION = YES;
				GCC_WARN_UNUSED_VARIABLE = YES;
				IPHONEOS_DEPLOYMENT_TARGET = 7.1;
				ONLY_ACTIVE_ARCH = YES;
				SDKROOT = iphoneos;
			};
			name = Debug;
		};
		4CAEDBA118FB1D4400F4E40C /* Release */ = {
			isa = XCBuildConfiguration;
			buildSettings = {
				ALWAYS_SEARCH_USER_PATHS = NO;
				CLANG_CXX_LANGUAGE_STANDARD = "gnu++0x";
				CLANG_CXX_LIBRARY = "libc++";
				CLANG_ENABLE_MODULES = YES;
				CLANG_ENABLE_OBJC_ARC = YES;
				CLANG_WARN_BOOL_CONVERSION = YES;
				CLANG_WARN_CONSTANT_CONVERSION = YES;
				CLANG_WARN_DIRECT_OBJC_ISA_USAGE = YES_ERROR;
				CLANG_WARN_EMPTY_BODY = YES;
				CLANG_WARN_ENUM_CONVERSION = YES;
				CLANG_WARN_INT_CONVERSION = YES;
				CLANG_WARN_OBJC_ROOT_CLASS = YES_ERROR;
				CLANG_WARN__DUPLICATE_METHOD_MATCH = YES;
				"CODE_SIGN_IDENTITY[sdk=iphoneos*]" = "iPhone Developer";
				COPY_PHASE_STRIP = YES;
				ENABLE_NS_ASSERTIONS = NO;
				GCC_C_LANGUAGE_STANDARD = gnu99;
				GCC_WARN_64_TO_32_BIT_CONVERSION = YES;
				GCC_WARN_ABOUT_RETURN_TYPE = YES_ERROR;
				GCC_WARN_UNDECLARED_SELECTOR = YES;
				GCC_WARN_UNINITIALIZED_AUTOS = YES_AGGRESSIVE;
				GCC_WARN_UNUSED_FUNCTION = YES;
				GCC_WARN_UNUSED_VARIABLE = YES;
				IPHONEOS_DEPLOYMENT_TARGET = 7.1;
				SDKROOT = iphoneos;
				VALIDATE_PRODUCT = YES;
			};
			name = Release;
		};
		4CAEDBA318FB1D4400F4E40C /* Debug */ = {
			isa = XCBuildConfiguration;
			buildSettings = {
				ASSETCATALOG_COMPILER_APPICON_NAME = AppIcon;
				ASSETCATALOG_COMPILER_LAUNCHIMAGE_NAME = LaunchImage;
				GCC_PRECOMPILE_PREFIX_HEADER = YES;
				GCC_PREFIX_HEADER = "UITabBarNavigation/UITabBarNavigation-Prefix.pch";
				INFOPLIST_FILE = "UITabBarNavigation/UITabBarNavigation-Info.plist";
				PRODUCT_NAME = "$(TARGET_NAME)";
				WRAPPER_EXTENSION = app;
			};
			name = Debug;
		};
		4CAEDBA418FB1D4400F4E40C /* Release */ = {
			isa = XCBuildConfiguration;
			buildSettings = {
				ASSETCATALOG_COMPILER_APPICON_NAME = AppIcon;
				ASSETCATALOG_COMPILER_LAUNCHIMAGE_NAME = LaunchImage;
				GCC_PRECOMPILE_PREFIX_HEADER = YES;
				GCC_PREFIX_HEADER = "UITabBarNavigation/UITabBarNavigation-Prefix.pch";
				INFOPLIST_FILE = "UITabBarNavigation/UITabBarNavigation-Info.plist";
				PRODUCT_NAME = "$(TARGET_NAME)";
				WRAPPER_EXTENSION = app;
			};
			name = Release;
		};
		4CAEDBA618FB1D4400F4E40C /* Debug */ = {
			isa = XCBuildConfiguration;
			buildSettings = {
				BUNDLE_LOADER = "$(BUILT_PRODUCTS_DIR)/UITabBarNavigation.app/UITabBarNavigation";
				FRAMEWORK_SEARCH_PATHS = (
					"$(SDKROOT)/Developer/Library/Frameworks",
					"$(inherited)",
					"$(DEVELOPER_FRAMEWORKS_DIR)",
				);
				GCC_PRECOMPILE_PREFIX_HEADER = YES;
				GCC_PREFIX_HEADER = "UITabBarNavigation/UITabBarNavigation-Prefix.pch";
				GCC_PREPROCESSOR_DEFINITIONS = (
					"DEBUG=1",
					"$(inherited)",
				);
				INFOPLIST_FILE = "UITabBarNavigationTests/UITabBarNavigationTests-Info.plist";
				PRODUCT_NAME = "$(TARGET_NAME)";
				TEST_HOST = "$(BUNDLE_LOADER)";
				WRAPPER_EXTENSION = xctest;
			};
			name = Debug;
		};
		4CAEDBA718FB1D4400F4E40C /* Release */ = {
			isa = XCBuildConfiguration;
			buildSettings = {
				BUNDLE_LOADER = "$(BUILT_PRODUCTS_DIR)/UITabBarNavigation.app/UITabBarNavigation";
				FRAMEWORK_SEARCH_PATHS = (
					"$(SDKROOT)/Developer/Library/Frameworks",
					"$(inherited)",
					"$(DEVELOPER_FRAMEWORKS_DIR)",
				);
				GCC_PRECOMPILE_PREFIX_HEADER = YES;
				GCC_PREFIX_HEADER = "UITabBarNavigation/UITabBarNavigation-Prefix.pch";
				INFOPLIST_FILE = "UITabBarNavigationTests/UITabBarNavigationTests-Info.plist";
				PRODUCT_NAME = "$(TARGET_NAME)";
				TEST_HOST = "$(BUNDLE_LOADER)";
				WRAPPER_EXTENSION = xctest;
			};
			name = Release;
		};
/* End XCBuildConfiguration section */

/* Begin XCConfigurationList section */
		4CAEDB7118FB1D4400F4E40C /* Build configuration list for PBXProject "UITabBarNavigation" */ = {
			isa = XCConfigurationList;
			buildConfigurations = (
				4CAEDBA018FB1D4400F4E40C /* Debug */,
				4CAEDBA118FB1D4400F4E40C /* Release */,
			);
			defaultConfigurationIsVisible = 0;
			defaultConfigurationName = Release;
		};
		4CAEDBA218FB1D4400F4E40C /* Build configuration list for PBXNativeTarget "UITabBarNavigation" */ = {
			isa = XCConfigurationList;
			buildConfigurations = (
				4CAEDBA318FB1D4400F4E40C /* Debug */,
				4CAEDBA418FB1D4400F4E40C /* Release */,
			);
			defaultConfigurationIsVisible = 0;
		};
		4CAEDBA518FB1D4400F4E40C /* Build configuration list for PBXNativeTarget "UITabBarNavigationTests" */ = {
			isa = XCConfigurationList;
			buildConfigurations = (
				4CAEDBA618FB1D4400F4E40C /* Debug */,
				4CAEDBA718FB1D4400F4E40C /* Release */,
			);
			defaultConfigurationIsVisible = 0;
		};
/* End XCConfigurationList section */
	};
	rootObject = 4CAEDB6E18FB1D4400F4E40C /* Project object */;
}
